<Solution>
  <Project Path="chapter2/chapter2.csproj" />
  <Project Path="chapter3/chapter3.csproj" />
  <Project Path="chapter4/chapter4.csproj" />
  <Project Path="chapter5/chapter5.csproj" />
  <Project Path="chapter6/chapter6.csproj" />
  <Project Path="chapter7/chapter7.csproj" />
  <Project Path="chapter8/chapter8.csproj" />
</Solution>
